
Microsoft Visual Studio Solution File, Format Version 12.00
Project("{FAE04EC0-301F-11D3-BF4B-00C04F79EFBC}") = "RigForge", "RigForge\RigForge.csproj", "{ED019CC4-DEC9-4CC3-98EF-38F30C235C69}"
EndProject
Global
	GlobalSection(SolutionConfigurationPlatforms) = preSolution
		Debug|Any CPU = Debug|Any CPU
		Release|Any CPU = Release|Any CPU
	EndGlobalSection
	GlobalSection(ProjectConfigurationPlatforms) = postSolution
		{ED019CC4-DEC9-4CC3-98EF-38F30C235C69}.Debug|Any CPU.ActiveCfg = Debug|Any CPU
		{ED019CC4-DEC9-4CC3-98EF-38F30C235C69}.Debug|Any CPU.Build.0 = Debug|Any CPU
		{ED019CC4-DEC9-4CC3-98EF-38F30C235C69}.Release|Any CPU.ActiveCfg = Release|Any CPU
		{ED019CC4-DEC9-4CC3-98EF-38F30C235C69}.Release|Any CPU.Build.0 = Release|Any CPU
	EndGlobalSection
EndGlobal
